hash: 8c116a52a551c271659497f2b96058de432ff17fa96cce36a0b0c83a9802db6e
updated: 2017-10-06T18:47:11.507025562+11:00
imports:
- name: github.com/joho/godotenv
  version: a79fa1e548e2c689c241d10173efd51e5d689d5b
- name: github.com/spf13/viper
  version: 25b30aa063fc18e48662b86996252eabdcf2f0c7
- name: github.com/VojtechVitek/go-trello
  version: 4a7db23ac973c12e59e3c781b359005995bb3838
testImports: []
