hash: dc321b0038fdd2db2ed696a259e1b4b80d32188d9de9892ad09f02a6858cbd61
updated: 2017-10-06T18:48:02.03228845+11:00
imports:
- name: github.com/spf13/viper
  version: 25b30aa063fc18e48662b86996252eabdcf2f0c7
- name: github.com/VojtechVitek/go-trello
  version: 4a7db23ac973c12e59e3c781b359005995bb3838
testImports: []
