hash: 15519051fb382a3298aed1c095589db399313efc435c04854c4fa979fcb81e73
updated: 2017-09-29T22:22:38.623932644+10:00
imports:
- name: github.com/joho/godotenv
  version: a79fa1e548e2c689c241d10173efd51e5d689d5b
- name: github.com/VojtechVitek/go-trello
  version: 4a7db23ac973c12e59e3c781b359005995bb3838
testImports: []
